
Microsoft Visual Studio Solution File, Format Version 12.00
# Visual Studio 15
Project("{FAE04EC0-301F-11D3-BF4B-00C04F79EFBC}") = "Assembly-CSharp", "Assembly-CSharp.csproj", "{ADB8DB08-F038-0253-3EB1-C815245A558E}"
EndProject
Project("{FAE04EC0-301F-11D3-BF4B-00C04F79EFBC}") = "GoogleMobileAds.Editor", "GoogleMobileAds.Editor.csproj", "{223FB0E0-C390-C043-ADC9-2F50946AA59A}"
EndProject
Global
	GlobalSection(SolutionConfigurationPlatforms) = preSolution
		Debug|Any CPU = Debug|Any CPU
		Release|Any CPU = Release|Any CPU
	EndGlobalSection
	GlobalSection(ProjectConfigurationPlatforms) = postSolution
		{ADB8DB08-F038-0253-3EB1-C815245A558E}.Debug|Any CPU.ActiveCfg = Debug|Any CPU
		{ADB8DB08-F038-0253-3EB1-C815245A558E}.Debug|Any CPU.Build.0 = Debug|Any CPU
		{ADB8DB08-F038-0253-3EB1-C815245A558E}.Release|Any CPU.ActiveCfg = Release|Any CPU
		{ADB8DB08-F038-0253-3EB1-C815245A558E}.Release|Any CPU.Build.0 = Release|Any CPU
		{223FB0E0-C390-C043-ADC9-2F50946AA59A}.Debug|Any CPU.ActiveCfg = Debug|Any CPU
		{223FB0E0-C390-C043-ADC9-2F50946AA59A}.Debug|Any CPU.Build.0 = Debug|Any CPU
		{223FB0E0-C390-C043-ADC9-2F50946AA59A}.Release|Any CPU.ActiveCfg = Release|Any CPU
		{223FB0E0-C390-C043-ADC9-2F50946AA59A}.Release|Any CPU.Build.0 = Release|Any CPU
	EndGlobalSection
	GlobalSection(SolutionProperties) = preSolution
		HideSolutionNode = FALSE
	EndGlobalSection
EndGlobal
